{
  "name": "character-creator",
  "version": "1.0.2",
  "lockfileVersion": 1,
  "requires": true,
  "dependencies": {
    "@amnesic0blex/dice": {
      "version": "1.0.2",
      "resolved": "https://registry.npmjs.org/@amnesic0blex/dice/-/dice-1.0.2.tgz",
      "integrity": "sha512-h+RvD3moLJ6TEbDBgbmCdeRrItAgICzNQk2xfB5POtkeZTYhZ8dL3sU0ly7NusrfGDpRZD565SO8s7wnEnEJBw=="
    },
    "@amnesic0blex/tables": {
      "version": "1.0.2",
      "resolved": "https://registry.npmjs.org/@amnesic0blex/tables/-/tables-1.0.2.tgz",
      "integrity": "sha512-AhRRbI9i10fZZ2A5hqgOKGNM0yywUlBsrKyr9otAI3gX1wZOOU3GbKE7gl8CSN+csFZ6UsykNNYp7u75qhEnHQ=="
    }
  }
}
